
Microsoft Visual Studio Solution File, Format Version 12.00
# Visual Studio Version 16
VisualStudioVersion = 16.0.30114.105
MinimumVisualStudioVersion = 10.0.40219.1
Project("{FAE04EC0-301F-11D3-BF4B-00C04F79EFBC}") = ".Net.Data", ".Net.Data\.Net.Data.csproj", "{759EE973-E58F-4669-B032-F7C8EC1BA7F0}"
EndProject
Project("{FAE04EC0-301F-11D3-BF4B-00C04F79EFBC}") = ".Net.Web", ".Net.Web\.Net.Web.csproj", "{A1B8BA5F-2B9C-483E-AD35-6EBF82EF2EAC}"
EndProject
Project("{FAE04EC0-301F-11D3-BF4B-00C04F79EFBC}") = ".Net.Test", ".Net.Test\.Net.Test.csproj", "{5E0D197A-66A6-4DCE-B133-0AFC9D687A1F}"
EndProject
Global
	GlobalSection(SolutionConfigurationPlatforms) = preSolution
		Debug|Any CPU = Debug|Any CPU
		Debug|x64 = Debug|x64
		Debug|x86 = Debug|x86
		Release|Any CPU = Release|Any CPU
		Release|x64 = Release|x64
		Release|x86 = Release|x86
	EndGlobalSection
	GlobalSection(SolutionProperties) = preSolution
		HideSolutionNode = FALSE
	EndGlobalSection
	GlobalSection(ProjectConfigurationPlatforms) = postSolution
		{759EE973-E58F-4669-B032-F7C8EC1BA7F0}.Debug|Any CPU.ActiveCfg = Debug|Any CPU
		{759EE973-E58F-4669-B032-F7C8EC1BA7F0}.Debug|Any CPU.Build.0 = Debug|Any CPU
		{759EE973-E58F-4669-B032-F7C8EC1BA7F0}.Debug|x64.ActiveCfg = Debug|Any CPU
		{759EE973-E58F-4669-B032-F7C8EC1BA7F0}.Debug|x64.Build.0 = Debug|Any CPU
		{759EE973-E58F-4669-B032-F7C8EC1BA7F0}.Debug|x86.ActiveCfg = Debug|Any CPU
		{759EE973-E58F-4669-B032-F7C8EC1BA7F0}.Debug|x86.Build.0 = Debug|Any CPU
		{759EE973-E58F-4669-B032-F7C8EC1BA7F0}.Release|Any CPU.ActiveCfg = Release|Any CPU
		{759EE973-E58F-4669-B032-F7C8EC1BA7F0}.Release|Any CPU.Build.0 = Release|Any CPU
		{759EE973-E58F-4669-B032-F7C8EC1BA7F0}.Release|x64.ActiveCfg = Release|Any CPU
		{759EE973-E58F-4669-B032-F7C8EC1BA7F0}.Release|x64.Build.0 = Release|Any CPU
		{759EE973-E58F-4669-B032-F7C8EC1BA7F0}.Release|x86.ActiveCfg = Release|Any CPU
		{759EE973-E58F-4669-B032-F7C8EC1BA7F0}.Release|x86.Build.0 = Release|Any CPU
		{A1B8BA5F-2B9C-483E-AD35-6EBF82EF2EAC}.Debug|Any CPU.ActiveCfg = Debug|Any CPU
		{A1B8BA5F-2B9C-483E-AD35-6EBF82EF2EAC}.Debug|Any CPU.Build.0 = Debug|Any CPU
		{A1B8BA5F-2B9C-483E-AD35-6EBF82EF2EAC}.Debug|x64.ActiveCfg = Debug|Any CPU
		{A1B8BA5F-2B9C-483E-AD35-6EBF82EF2EAC}.Debug|x64.Build.0 = Debug|Any CPU
		{A1B8BA5F-2B9C-483E-AD35-6EBF82EF2EAC}.Debug|x86.ActiveCfg = Debug|Any CPU
		{A1B8BA5F-2B9C-483E-AD35-6EBF82EF2EAC}.Debug|x86.Build.0 = Debug|Any CPU
		{A1B8BA5F-2B9C-483E-AD35-6EBF82EF2EAC}.Release|Any CPU.ActiveCfg = Release|Any CPU
		{A1B8BA5F-2B9C-483E-AD35-6EBF82EF2EAC}.Release|Any CPU.Build.0 = Release|Any CPU
		{A1B8BA5F-2B9C-483E-AD35-6EBF82EF2EAC}.Release|x64.ActiveCfg = Release|Any CPU
		{A1B8BA5F-2B9C-483E-AD35-6EBF82EF2EAC}.Release|x64.Build.0 = Release|Any CPU
		{A1B8BA5F-2B9C-483E-AD35-6EBF82EF2EAC}.Release|x86.ActiveCfg = Release|Any CPU
		{A1B8BA5F-2B9C-483E-AD35-6EBF82EF2EAC}.Release|x86.Build.0 = Release|Any CPU
		{5E0D197A-66A6-4DCE-B133-0AFC9D687A1F}.Debug|Any CPU.ActiveCfg = Debug|Any CPU
		{5E0D197A-66A6-4DCE-B133-0AFC9D687A1F}.Debug|Any CPU.Build.0 = Debug|Any CPU
		{5E0D197A-66A6-4DCE-B133-0AFC9D687A1F}.Debug|x64.ActiveCfg = Debug|Any CPU
		{5E0D197A-66A6-4DCE-B133-0AFC9D687A1F}.Debug|x64.Build.0 = Debug|Any CPU
		{5E0D197A-66A6-4DCE-B133-0AFC9D687A1F}.Debug|x86.ActiveCfg = Debug|Any CPU
		{5E0D197A-66A6-4DCE-B133-0AFC9D687A1F}.Debug|x86.Build.0 = Debug|Any CPU
		{5E0D197A-66A6-4DCE-B133-0AFC9D687A1F}.Release|Any CPU.ActiveCfg = Release|Any CPU
		{5E0D197A-66A6-4DCE-B133-0AFC9D687A1F}.Release|Any CPU.Build.0 = Release|Any CPU
		{5E0D197A-66A6-4DCE-B133-0AFC9D687A1F}.Release|x64.ActiveCfg = Release|Any CPU
		{5E0D197A-66A6-4DCE-B133-0AFC9D687A1F}.Release|x64.Build.0 = Release|Any CPU
		{5E0D197A-66A6-4DCE-B133-0AFC9D687A1F}.Release|x86.ActiveCfg = Release|Any CPU
		{5E0D197A-66A6-4DCE-B133-0AFC9D687A1F}.Release|x86.Build.0 = Release|Any CPU
	EndGlobalSection
EndGlobal
